{
  "name": "@jeffreymckishen/convoso-adapter",
  "version": "0.0.1",
  "lockfileVersion": 3,
  "requires": true,
  "packages": {
    "": {
      "name": "@jeffreymckishen/convoso-adapter",
      "version": "0.0.1",
      "license": "MIT",
      "dependencies": {
        "@jeffreymckishen/convoso-adapter": "file:"
      }
    },
    "node_modules/@jeffreymckishen/convoso-adapter": {
      "version": "0.0.1",
      "resolved": "file:",
      "license": "MIT"
    }
  }
}
